
Microsoft Visual Studio Solution File, Format Version 12.00
# Visual Studio Version 16
VisualStudioVersion = 16.0.32413.119
MinimumVisualStudioVersion = 10.0.40219.1
Project("{FAE04EC0-301F-11D3-BF4B-00C04F79EFBC}") = "TTMSB project", "TTMSB project\TTMSB project.csproj", "{523A4B76-BC86-4C03-A3D6-F26EF0A1215E}"
EndProject
Global
	GlobalSection(SolutionConfigurationPlatforms) = preSolution
		Debug|Any CPU = Debug|Any CPU
		Release|Any CPU = Release|Any CPU
	EndGlobalSection
	GlobalSection(ProjectConfigurationPlatforms) = postSolution
		{523A4B76-BC86-4C03-A3D6-F26EF0A1215E}.Debug|Any CPU.ActiveCfg = Debug|Any CPU
		{523A4B76-BC86-4C03-A3D6-F26EF0A1215E}.Debug|Any CPU.Build.0 = Debug|Any CPU
		{523A4B76-BC86-4C03-A3D6-F26EF0A1215E}.Release|Any CPU.ActiveCfg = Release|Any CPU
		{523A4B76-BC86-4C03-A3D6-F26EF0A1215E}.Release|Any CPU.Build.0 = Release|Any CPU
	EndGlobalSection
	GlobalSection(SolutionProperties) = preSolution
		HideSolutionNode = FALSE
	EndGlobalSection
	GlobalSection(ExtensibilityGlobals) = postSolution
		SolutionGuid = {4A590B83-E26D-4A61-A79E-AA691D8AE33C}
	EndGlobalSection
EndGlobal
